<Solution>
  <Folder Name="/JsonAddings/">
    <File Path="Travel.cs" />
    <File Path="TravelRepository.cs" />
  </Folder>
  <Folder Name="/Solution Items/">
    <File Path="travels.json" />
  </Folder>
  <Project Path="Test/Test.csproj" Id="252f1efc-3378-4eec-8279-51475dfff0a0" />
  <Project Path="Travel Agency System.csproj" />
</Solution>
